
Microsoft Visual Studio Solution File, Format Version 12.00
# Visual Studio 15
VisualStudioVersion = 15.0.27428.2043
MinimumVisualStudioVersion = 10.0.40219.1
Project("{FAE04EC0-301F-11D3-BF4B-00C04F79EFBC}") = "ApiProjeto", "ApiProjeto\ApiProjeto.csproj", "{7EA311E5-3B4C-4CD2-92BD-3C381EEA0879}"
EndProject
Project("{FAE04EC0-301F-11D3-BF4B-00C04F79EFBC}") = "ApiEntity", "ApiEntity\ApiEntity.csproj", "{21729AA5-7907-43ED-A387-9454464E5AC7}"
EndProject
Global
	GlobalSection(SolutionConfigurationPlatforms) = preSolution
		Debug|Any CPU = Debug|Any CPU
		Release|Any CPU = Release|Any CPU
	EndGlobalSection
	GlobalSection(ProjectConfigurationPlatforms) = postSolution
		{7EA311E5-3B4C-4CD2-92BD-3C381EEA0879}.Debug|Any CPU.ActiveCfg = Debug|Any CPU
		{7EA311E5-3B4C-4CD2-92BD-3C381EEA0879}.Debug|Any CPU.Build.0 = Debug|Any CPU
		{7EA311E5-3B4C-4CD2-92BD-3C381EEA0879}.Release|Any CPU.ActiveCfg = Release|Any CPU
		{7EA311E5-3B4C-4CD2-92BD-3C381EEA0879}.Release|Any CPU.Build.0 = Release|Any CPU
		{21729AA5-7907-43ED-A387-9454464E5AC7}.Debug|Any CPU.ActiveCfg = Debug|Any CPU
		{21729AA5-7907-43ED-A387-9454464E5AC7}.Debug|Any CPU.Build.0 = Debug|Any CPU
		{21729AA5-7907-43ED-A387-9454464E5AC7}.Release|Any CPU.ActiveCfg = Release|Any CPU
		{21729AA5-7907-43ED-A387-9454464E5AC7}.Release|Any CPU.Build.0 = Release|Any CPU
	EndGlobalSection
	GlobalSection(SolutionProperties) = preSolution
		HideSolutionNode = FALSE
	EndGlobalSection
	GlobalSection(ExtensibilityGlobals) = postSolution
		SolutionGuid = {50A476A3-928D-4D3C-9C66-F611C5FB83BF}
	EndGlobalSection
EndGlobal
